{
  "version": 4,
  "terraform_version": "1.14.9",
  "serial": 77,
  "lineage": "adedda18-fd51-aa9c-8f81-4befd54f6a71",
  "outputs": {
    "api_urls": {
      "value": {
        "alert_api": "http://68.221.176.92:5002",
        "backend_api": "http://68.221.176.92:5000",
        "inventory_api": "http://68.221.176.92:5001"
      },
      "type": [
        "object",
        {
          "alert_api": "string",
          "backend_api": "string",
          "inventory_api": "string"
        }
      ]
    },
    "frontend_url": {
      "value": "http://68.221.176.92",
      "type": "string"
    },
    "public_ip_address": {
      "value": "68.221.176.92",
      "type": "string"
    },
    "vm_id": {
      "value": "/subscriptions/6c07f727-3b14-4043-8a5a-1877ae9a14f4/resourceGroups/smart-inventory-rg-prod/providers/Microsoft.Compute/virtualMachines/inventory-vm-prod",
      "type": "string"
    }
  },
  "resources": [
    {
      "mode": "managed",
      "type": "azurerm_linux_virtual_machine",
      "name": "vm",
      "provider": "provider[\"registry.terraform.io/hashicorp/azurerm\"]",
      "instances": [
        {
          "schema_version": 0,
          "attributes": {
            "additional_capabilities": [],
            "admin_password": null,
            "admin_ssh_key": [
              {
                "public_key": "ssh-rsa AAAAB3NzaC1yc2EAAAADAQABAAACAQDqhyajYhgLsBUTCmAhdJ57Vnxc69gXEJoyUQ8EfBNTRc//TZZKkTa9rNQMVcEEflolWv956IrFdJCL9mpDd7LH5toGvXRQvnfNn8QbYI3vsJw4KZRIJKjv6eY/7tMcdvxauynBqbmxQ2r9+MnwM+ftJ8Rh8xPxyHw/hHxV21errPA/feTi36KSm7DVWMCQFZ6Xu2/YeJpv97FPCaGRCzeVzY3/wxqdsbr90SPyRtdZPeEbU7RWBdPP7mzIHuHnFgG+4Pyw4q2nyQtXVltGBHWX9mSyDHj1B/Fj91Jv2TW7GweEdLf0JthtrF0Owp3R8megamnUvNi80RROfTleWsCcDBPATSiI1juhxsn29gwHlPDKVHHvujfB1H6LSrdLUBnhxgTZRzkOSCMP+6kdS6vzkzq92zvz3+Fb1C2zEZMPZSVg+jWjRsAl2QT8DOAsl0yrr4PSuWRfYesNnXEduoc6PbHo3hbKJKPe5CJpowC6/Ezm/JVzI65EBhN6icXdBxE9OFhRNLMcMWgYE2I8BJ74OQjhHPJkI6412bgdYC13iSHcH2viNiAbx4fbr24ADSpFexkeP7dQw9sOahFUe3kbOnUCFxRuJgRlcTkyQ04p+q4jFj4JUJUKFfooKfQKgN8AcOafsb1zMM+L/dLMxer0LbbZF2MrkHe8ucad6ZtvZQ== hp@DESKTOP-DJ6TVNF\n",
                "username": "azureuser"
              }
            ],
            "admin_username": "azureuser",
            "allow_extension_operations": true,
            "availability_set_id": "",
            "boot_diagnostics": [],
            "bypass_platform_safety_checks_on_user_schedule_enabled": false,
            "capacity_reservation_group_id": "",
            "computer_name": "inventory-vm-prod",
            "custom_data": null,
            "dedicated_host_group_id": "",
            "dedicated_host_id": "",
            "disable_password_authentication": true,
            "disk_controller_type": "",
            "edge_zone": "",
            "encryption_at_host_enabled": false,
            "eviction_policy": "",
            "extensions_time_budget": "PT1H30M",
            "gallery_application": [],
            "id": "/subscriptions/6c07f727-3b14-4043-8a5a-1877ae9a14f4/resourceGroups/smart-inventory-rg-prod/providers/Microsoft.Compute/virtualMachines/inventory-vm-prod",
            "identity": [],
            "license_type": "",
            "location": "spaincentral",
            "max_bid_price": -1,
            "name": "inventory-vm-prod",
            "network_interface_ids": [
              "/subscriptions/6c07f727-3b14-4043-8a5a-1877ae9a14f4/resourceGroups/smart-inventory-rg-prod/providers/Microsoft.Network/networkInterfaces/inventory-nic"
            ],
            "os_disk": [
              {
                "caching": "ReadWrite",
                "diff_disk_settings": [],
                "disk_encryption_set_id": "",
                "disk_size_gb": 30,
                "name": "inventory-vm-prod_OsDisk_1_af711be1d3944ff3bfb6a28ad4869472",
                "secure_vm_disk_encryption_set_id": "",
                "security_encryption_type": "",
                "storage_account_type": "Premium_LRS",
                "write_accelerator_enabled": false
              }
            ],
            "os_image_notification": [],
            "patch_assessment_mode": "ImageDefault",
            "patch_mode": "ImageDefault",
            "plan": [],
            "platform_fault_domain": -1,
            "priority": "Regular",
            "private_ip_address": "10.0.1.4",
            "private_ip_addresses": [
              "10.0.1.4"
            ],
            "provision_vm_agent": true,
            "proximity_placement_group_id": "",
            "public_ip_address": "68.221.176.92",
            "public_ip_addresses": [
              "68.221.176.92"
            ],
            "reboot_setting": "",
            "resource_group_name": "smart-inventory-rg-prod",
            "secret": [],
            "secure_boot_enabled": false,
            "size": "Standard_B2s",
            "source_image_id": "",
            "source_image_reference": [
              {
                "offer": "0001-com-ubuntu-server-jammy",
                "publisher": "Canonical",
                "sku": "22_04-lts",
                "version": "latest"
              }
            ],
            "tags": {
              "Environment": "Production",
              "Project": "SmartInventory"
            },
            "termination_notification": null,
            "timeouts": null,
            "user_data": "",
            "virtual_machine_id": "7f614a98-9c10-4125-abaa-442bcc031506",
            "virtual_machine_scale_set_id": "",
            "vm_agent_platform_updates_enabled": false,
            "vtpm_enabled": false,
            "zone": ""
          },
          "sensitive_attributes": [
            [
              {
                "type": "get_attr",
                "value": "admin_password"
              }
            ],
            [
              {
                "type": "get_attr",
                "value": "custom_data"
              }
            ]
          ],
          "identity_schema_version": 0,
          "private": "eyJlMmJmYjczMC1lY2FhLTExZTYtOGY4OC0zNDM2M2JjN2M0YzAiOnsiY3JlYXRlIjoyNzAwMDAwMDAwMDAwLCJkZWxldGUiOjI3MDAwMDAwMDAwMDAsInJlYWQiOjMwMDAwMDAwMDAwMCwidXBkYXRlIjoyNzAwMDAwMDAwMDAwfX0=",
          "dependencies": [
            "azurerm_network_interface.nic",
            "azurerm_public_ip.public_ip",
            "azurerm_resource_group.rg",
            "azurerm_subnet.subnet",
            "azurerm_virtual_network.vnet"
          ]
        }
      ]
    },
    {
      "mode": "managed",
      "type": "azurerm_network_interface",
      "name": "nic",
      "provider": "provider[\"registry.terraform.io/hashicorp/azurerm\"]",
      "instances": [
        {
          "schema_version": 0,
          "attributes": {
            "accelerated_networking_enabled": false,
            "applied_dns_servers": [],
            "auxiliary_mode": "",
            "auxiliary_sku": "",
            "dns_servers": [],
            "edge_zone": "",
            "enable_accelerated_networking": false,
            "enable_ip_forwarding": false,
            "id": "/subscriptions/6c07f727-3b14-4043-8a5a-1877ae9a14f4/resourceGroups/smart-inventory-rg-prod/providers/Microsoft.Network/networkInterfaces/inventory-nic",
            "internal_dns_name_label": "",
            "internal_domain_name_suffix": "",
            "ip_configuration": [
              {
                "gateway_load_balancer_frontend_ip_configuration_id": "",
                "name": "internal",
                "primary": true,
                "private_ip_address": "10.0.1.4",
                "private_ip_address_allocation": "Dynamic",
                "private_ip_address_version": "IPv4",
                "public_ip_address_id": "/subscriptions/6c07f727-3b14-4043-8a5a-1877ae9a14f4/resourceGroups/smart-inventory-rg-prod/providers/Microsoft.Network/publicIPAddresses/inventory-public-ip",
                "subnet_id": "/subscriptions/6c07f727-3b14-4043-8a5a-1877ae9a14f4/resourceGroups/smart-inventory-rg-prod/providers/Microsoft.Network/virtualNetworks/inventory-vnet/subnets/inventory-subnet"
              }
            ],
            "ip_forwarding_enabled": false,
            "location": "spaincentral",
            "mac_address": "7C-ED-8D-64-52-76",
            "name": "inventory-nic",
            "private_ip_address": "10.0.1.4",
            "private_ip_addresses": [
              "10.0.1.4"
            ],
            "resource_group_name": "smart-inventory-rg-prod",
            "tags": {},
            "timeouts": null,
            "virtual_machine_id": "/subscriptions/6c07f727-3b14-4043-8a5a-1877ae9a14f4/resourceGroups/smart-inventory-rg-prod/providers/Microsoft.Compute/virtualMachines/inventory-vm-prod"
          },
          "sensitive_attributes": [],
          "identity_schema_version": 0,
          "private": "eyJlMmJmYjczMC1lY2FhLTExZTYtOGY4OC0zNDM2M2JjN2M0YzAiOnsiY3JlYXRlIjoxODAwMDAwMDAwMDAwLCJkZWxldGUiOjE4MDAwMDAwMDAwMDAsInJlYWQiOjMwMDAwMDAwMDAwMCwidXBkYXRlIjoxODAwMDAwMDAwMDAwfX0=",
          "dependencies": [
            "azurerm_public_ip.public_ip",
            "azurerm_resource_group.rg",
            "azurerm_subnet.subnet",
            "azurerm_virtual_network.vnet"
          ]
        }
      ]
    },
    {
      "mode": "managed",
      "type": "azurerm_network_interface_security_group_association",
      "name": "nsg_assoc",
      "provider": "provider[\"registry.terraform.io/hashicorp/azurerm\"]",
      "instances": [
        {
          "schema_version": 0,
          "attributes": {
            "id": "/subscriptions/6c07f727-3b14-4043-8a5a-1877ae9a14f4/resourceGroups/smart-inventory-rg-prod/providers/Microsoft.Network/networkInterfaces/inventory-nic|/subscriptions/6c07f727-3b14-4043-8a5a-1877ae9a14f4/resourceGroups/smart-inventory-rg-prod/providers/Microsoft.Network/networkSecurityGroups/inventory-nsg",
            "network_interface_id": "/subscriptions/6c07f727-3b14-4043-8a5a-1877ae9a14f4/resourceGroups/smart-inventory-rg-prod/providers/Microsoft.Network/networkInterfaces/inventory-nic",
            "network_security_group_id": "/subscriptions/6c07f727-3b14-4043-8a5a-1877ae9a14f4/resourceGroups/smart-inventory-rg-prod/providers/Microsoft.Network/networkSecurityGroups/inventory-nsg",
            "timeouts": null
          },
          "sensitive_attributes": [],
          "identity_schema_version": 0,
          "private": "eyJlMmJmYjczMC1lY2FhLTExZTYtOGY4OC0zNDM2M2JjN2M0YzAiOnsiY3JlYXRlIjoxODAwMDAwMDAwMDAwLCJkZWxldGUiOjE4MDAwMDAwMDAwMDAsInJlYWQiOjMwMDAwMDAwMDAwMH19",
          "dependencies": [
            "azurerm_network_interface.nic",
            "azurerm_network_security_group.nsg",
            "azurerm_public_ip.public_ip",
            "azurerm_resource_group.rg",
            "azurerm_subnet.subnet",
            "azurerm_virtual_network.vnet"
          ]
        }
      ]
    },
    {
      "mode": "managed",
      "type": "azurerm_network_security_group",
      "name": "nsg",
      "provider": "provider[\"registry.terraform.io/hashicorp/azurerm\"]",
      "instances": [
        {
          "schema_version": 0,
          "attributes": {
            "id": "/subscriptions/6c07f727-3b14-4043-8a5a-1877ae9a14f4/resourceGroups/smart-inventory-rg-prod/providers/Microsoft.Network/networkSecurityGroups/inventory-nsg",
            "location": "spaincentral",
            "name": "inventory-nsg",
            "resource_group_name": "smart-inventory-rg-prod",
            "security_rule": [
              {
                "access": "Allow",
                "description": "",
                "destination_address_prefix": "*",
                "destination_address_prefixes": [],
                "destination_application_security_group_ids": [],
                "destination_port_range": "22",
                "destination_port_ranges": [],
                "direction": "Inbound",
                "name": "SSH",
                "priority": 1001,
                "protocol": "Tcp",
                "source_address_prefix": "*",
                "source_address_prefixes": [],
                "source_application_security_group_ids": [],
                "source_port_range": "*",
                "source_port_ranges": []
              },
              {
                "access": "Allow",
                "description": "",
                "destination_address_prefix": "*",
                "destination_address_prefixes": [],
                "destination_application_security_group_ids": [],
                "destination_port_range": "5000",
                "destination_port_ranges": [],
                "direction": "Inbound",
                "name": "BackendAPI",
                "priority": 1003,
                "protocol": "Tcp",
                "source_address_prefix": "*",
                "source_address_prefixes": [],
                "source_application_security_group_ids": [],
                "source_port_range": "*",
                "source_port_ranges": []
              },
              {
                "access": "Allow",
                "description": "",
                "destination_address_prefix": "*",
                "destination_address_prefixes": [],
                "destination_application_security_group_ids": [],
                "destination_port_range": "5001",
                "destination_port_ranges": [],
                "direction": "Inbound",
                "name": "InventoryAPI",
                "priority": 1004,
                "protocol": "Tcp",
                "source_address_prefix": "*",
                "source_address_prefixes": [],
                "source_application_security_group_ids": [],
                "source_port_range": "*",
                "source_port_ranges": []
              },
              {
                "access": "Allow",
                "description": "",
                "destination_address_prefix": "*",
                "destination_address_prefixes": [],
                "destination_application_security_group_ids": [],
                "destination_port_range": "5002",
                "destination_port_ranges": [],
                "direction": "Inbound",
                "name": "AlertAPI",
                "priority": 1005,
                "protocol": "Tcp",
                "source_address_prefix": "*",
                "source_address_prefixes": [],
                "source_application_security_group_ids": [],
                "source_port_range": "*",
                "source_port_ranges": []
              },
              {
                "access": "Allow",
                "description": "",
                "destination_address_prefix": "*",
                "destination_address_prefixes": [],
                "destination_application_security_group_ids": [],
                "destination_port_range": "80",
                "destination_port_ranges": [],
                "direction": "Inbound",
                "name": "HTTP",
                "priority": 1002,
                "protocol": "Tcp",
                "source_address_prefix": "*",
                "source_address_prefixes": [],
                "source_application_security_group_ids": [],
                "source_port_range": "*",
                "source_port_ranges": []
              }
            ],
            "tags": {},
            "timeouts": null
          },
          "sensitive_attributes": [],
          "identity_schema_version": 0,
          "private": "eyJlMmJmYjczMC1lY2FhLTExZTYtOGY4OC0zNDM2M2JjN2M0YzAiOnsiY3JlYXRlIjoxODAwMDAwMDAwMDAwLCJkZWxldGUiOjE4MDAwMDAwMDAwMDAsInJlYWQiOjMwMDAwMDAwMDAwMCwidXBkYXRlIjoxODAwMDAwMDAwMDAwfX0=",
          "dependencies": [
            "azurerm_resource_group.rg"
          ]
        }
      ]
    },
    {
      "mode": "managed",
      "type": "azurerm_public_ip",
      "name": "public_ip",
      "provider": "provider[\"registry.terraform.io/hashicorp/azurerm\"]",
      "instances": [
        {
          "schema_version": 0,
          "attributes": {
            "allocation_method": "Static",
            "ddos_protection_mode": "VirtualNetworkInherited",
            "ddos_protection_plan_id": null,
            "domain_name_label": null,
            "edge_zone": "",
            "fqdn": null,
            "id": "/subscriptions/6c07f727-3b14-4043-8a5a-1877ae9a14f4/resourceGroups/smart-inventory-rg-prod/providers/Microsoft.Network/publicIPAddresses/inventory-public-ip",
            "idle_timeout_in_minutes": 4,
            "ip_address": "68.221.176.92",
            "ip_tags": {},
            "ip_version": "IPv4",
            "location": "spaincentral",
            "name": "inventory-public-ip",
            "public_ip_prefix_id": null,
            "resource_group_name": "smart-inventory-rg-prod",
            "reverse_fqdn": null,
            "sku": "Standard",
            "sku_tier": "Regional",
            "tags": {},
            "timeouts": null,
            "zones": []
          },
          "sensitive_attributes": [],
          "identity_schema_version": 0,
          "private": "eyJlMmJmYjczMC1lY2FhLTExZTYtOGY4OC0zNDM2M2JjN2M0YzAiOnsiY3JlYXRlIjoxODAwMDAwMDAwMDAwLCJkZWxldGUiOjE4MDAwMDAwMDAwMDAsInJlYWQiOjMwMDAwMDAwMDAwMCwidXBkYXRlIjoxODAwMDAwMDAwMDAwfX0=",
          "dependencies": [
            "azurerm_resource_group.rg"
          ]
        }
      ]
    },
    {
      "mode": "managed",
      "type": "azurerm_resource_group",
      "name": "rg",
      "provider": "provider[\"registry.terraform.io/hashicorp/azurerm\"]",
      "instances": [
        {
          "schema_version": 0,
          "attributes": {
            "id": "/subscriptions/6c07f727-3b14-4043-8a5a-1877ae9a14f4/resourceGroups/smart-inventory-rg-prod",
            "location": "spaincentral",
            "managed_by": "",
            "name": "smart-inventory-rg-prod",
            "tags": {
              "Environment": "Production",
              "Project": "SmartInventory"
            },
            "timeouts": null
          },
          "sensitive_attributes": [],
          "identity_schema_version": 0,
          "private": "eyJlMmJmYjczMC1lY2FhLTExZTYtOGY4OC0zNDM2M2JjN2M0YzAiOnsiY3JlYXRlIjo1NDAwMDAwMDAwMDAwLCJkZWxldGUiOjU0MDAwMDAwMDAwMDAsInJlYWQiOjMwMDAwMDAwMDAwMCwidXBkYXRlIjo1NDAwMDAwMDAwMDAwfX0="
        }
      ]
    },
    {
      "mode": "managed",
      "type": "azurerm_subnet",
      "name": "subnet",
      "provider": "provider[\"registry.terraform.io/hashicorp/azurerm\"]",
      "instances": [
        {
          "schema_version": 0,
          "attributes": {
            "address_prefixes": [
              "10.0.1.0/24"
            ],
            "default_outbound_access_enabled": true,
            "delegation": [],
            "enforce_private_link_endpoint_network_policies": false,
            "enforce_private_link_service_network_policies": false,
            "id": "/subscriptions/6c07f727-3b14-4043-8a5a-1877ae9a14f4/resourceGroups/smart-inventory-rg-prod/providers/Microsoft.Network/virtualNetworks/inventory-vnet/subnets/inventory-subnet",
            "name": "inventory-subnet",
            "private_endpoint_network_policies": "Enabled",
            "private_endpoint_network_policies_enabled": true,
            "private_link_service_network_policies_enabled": true,
            "resource_group_name": "smart-inventory-rg-prod",
            "service_endpoint_policy_ids": [],
            "service_endpoints": [],
            "timeouts": null,
            "virtual_network_name": "inventory-vnet"
          },
          "sensitive_attributes": [],
          "identity_schema_version": 0,
          "private": "eyJlMmJmYjczMC1lY2FhLTExZTYtOGY4OC0zNDM2M2JjN2M0YzAiOnsiY3JlYXRlIjoxODAwMDAwMDAwMDAwLCJkZWxldGUiOjE4MDAwMDAwMDAwMDAsInJlYWQiOjMwMDAwMDAwMDAwMCwidXBkYXRlIjoxODAwMDAwMDAwMDAwfX0=",
          "dependencies": [
            "azurerm_resource_group.rg",
            "azurerm_virtual_network.vnet"
          ]
        }
      ]
    },
    {
      "mode": "managed",
      "type": "azurerm_virtual_network",
      "name": "vnet",
      "provider": "provider[\"registry.terraform.io/hashicorp/azurerm\"]",
      "instances": [
        {
          "schema_version": 0,
          "attributes": {
            "address_space": [
              "10.0.0.0/16"
            ],
            "bgp_community": "",
            "ddos_protection_plan": [],
            "dns_servers": [],
            "edge_zone": "",
            "encryption": [],
            "flow_timeout_in_minutes": 0,
            "guid": "2f7394eb-c7bc-4829-b69d-7eeba14d508e",
            "id": "/subscriptions/6c07f727-3b14-4043-8a5a-1877ae9a14f4/resourceGroups/smart-inventory-rg-prod/providers/Microsoft.Network/virtualNetworks/inventory-vnet",
            "location": "spaincentral",
            "name": "inventory-vnet",
            "resource_group_name": "smart-inventory-rg-prod",
            "subnet": [
              {
                "address_prefix": "10.0.1.0/24",
                "id": "/subscriptions/6c07f727-3b14-4043-8a5a-1877ae9a14f4/resourceGroups/smart-inventory-rg-prod/providers/Microsoft.Network/virtualNetworks/inventory-vnet/subnets/inventory-subnet",
                "name": "inventory-subnet",
                "security_group": ""
              }
            ],
            "tags": {},
            "timeouts": null
          },
          "sensitive_attributes": [],
          "identity_schema_version": 0,
          "private": "eyJlMmJmYjczMC1lY2FhLTExZTYtOGY4OC0zNDM2M2JjN2M0YzAiOnsiY3JlYXRlIjoxODAwMDAwMDAwMDAwLCJkZWxldGUiOjE4MDAwMDAwMDAwMDAsInJlYWQiOjMwMDAwMDAwMDAwMCwidXBkYXRlIjoxODAwMDAwMDAwMDAwfX0=",
          "dependencies": [
            "azurerm_resource_group.rg"
          ]
        }
      ]
    },
    {
      "mode": "managed",
      "type": "local_file",
      "name": "ansible_inventory",
      "provider": "provider[\"registry.terraform.io/hashicorp/local\"]",
      "instances": [
        {
          "schema_version": 0,
          "attributes": {
            "content": "[azure_vm]\nsmart_inventory_server ansible_host=68.221.176.92 ansible_user=azureuser ansible_ssh_common_args='-o StrictHostKeyChecking=no'\n",
            "content_base64": null,
            "content_base64sha256": "DW9qwnpW2D5XAHW1grjUHN8fkCE5ZDxRoONDP3AjEO8=",
            "content_base64sha512": "mRLkDZz7ozckRuEqKb3cfCfq9nr7MtVvlnhObjd9hpe/Z7fXQ8mm71Oiy1PsjUfJeqCwPka46Tk8DoX4n7LWFw==",
            "content_md5": "d7d021a276b4910fdc5e8a9c609514eb",
            "content_sha1": "aeccb5cca42eaf729be09efd82500b3f3e1ca5fe",
            "content_sha256": "0d6f6ac27a56d83e570075b582b8d41cdf1f902139643c51a0e3433f702310ef",
            "content_sha512": "9912e40d9cfba3372446e12a29bddc7c27eaf67afb32d56f96784e6e377d8697bf67b7d743c9a6ef53a2cb53ec8d47c97aa0b03e46b8e9393c0e85f89fb2d617",
            "directory_permission": "0777",
            "file_permission": "0777",
            "filename": "./../ansible/inventory.ini",
            "id": "aeccb5cca42eaf729be09efd82500b3f3e1ca5fe",
            "sensitive_content": null,
            "source": null
          },
          "sensitive_attributes": [
            [
              {
                "type": "get_attr",
                "value": "sensitive_content"
              }
            ]
          ],
          "identity_schema_version": 0,
          "dependencies": [
            "azurerm_linux_virtual_machine.vm",
            "azurerm_network_interface.nic",
            "azurerm_public_ip.public_ip",
            "azurerm_resource_group.rg",
            "azurerm_subnet.subnet",
            "azurerm_virtual_network.vnet"
          ]
        }
      ]
    }
  ],
  "check_results": null
}
